
Microsoft Visual Studio Solution File, Format Version 12.00
# Visual Studio 15
VisualStudioVersion = 15.0.27004.2002
MinimumVisualStudioVersion = 10.0.40219.1
Project("{9A19103F-16F7-4668-BE54-9A1E7A4F7556}") = "Mongo2Es", "Mongo2Es\Mongo2Es.csproj", "{8E38C40D-7046-4B35-A635-D9D92B2C7CDE}"
EndProject
Project("{9A19103F-16F7-4668-BE54-9A1E7A4F7556}") = "Mongo2Es.Tests", "Mongo2Es.Tests\Mongo2Es.Tests.csproj", "{82050A96-C195-46B7-BB3E-FEC45276D36B}"
EndProject
Project("{9A19103F-16F7-4668-BE54-9A1E7A4F7556}") = "NEST.Repository", "NEST.Repository\NEST.Repository.csproj", "{86676440-9C10-4141-8FCA-6C82439A1B15}"
EndProject
Project("{9A19103F-16F7-4668-BE54-9A1E7A4F7556}") = "NEST.Repository.Tests", "NEST.Repository.Tests\NEST.Repository.Tests.csproj", "{415CADAB-B64E-4F6D-AB4C-0F086B5B8585}"
EndProject
Project("{FAE04EC0-301F-11D3-BF4B-00C04F79EFBC}") = "Mongo2Es.DataChecker", "Mongo2Es.DataChecker\Mongo2Es.DataChecker.csproj", "{291C194C-EFF8-40E8-B0F1-4B8A22A32C58}"
EndProject
Global
	GlobalSection(SolutionConfigurationPlatforms) = preSolution
		Debug|Any CPU = Debug|Any CPU
		Release|Any CPU = Release|Any CPU
	EndGlobalSection
	GlobalSection(ProjectConfigurationPlatforms) = postSolution
		{8E38C40D-7046-4B35-A635-D9D92B2C7CDE}.Debug|Any CPU.ActiveCfg = Debug|Any CPU
		{8E38C40D-7046-4B35-A635-D9D92B2C7CDE}.Debug|Any CPU.Build.0 = Debug|Any CPU
		{8E38C40D-7046-4B35-A635-D9D92B2C7CDE}.Release|Any CPU.ActiveCfg = Release|Any CPU
		{8E38C40D-7046-4B35-A635-D9D92B2C7CDE}.Release|Any CPU.Build.0 = Release|Any CPU
		{82050A96-C195-46B7-BB3E-FEC45276D36B}.Debug|Any CPU.ActiveCfg = Debug|Any CPU
		{82050A96-C195-46B7-BB3E-FEC45276D36B}.Debug|Any CPU.Build.0 = Debug|Any CPU
		{82050A96-C195-46B7-BB3E-FEC45276D36B}.Release|Any CPU.ActiveCfg = Release|Any CPU
		{82050A96-C195-46B7-BB3E-FEC45276D36B}.Release|Any CPU.Build.0 = Release|Any CPU
		{86676440-9C10-4141-8FCA-6C82439A1B15}.Debug|Any CPU.ActiveCfg = Debug|Any CPU
		{86676440-9C10-4141-8FCA-6C82439A1B15}.Debug|Any CPU.Build.0 = Debug|Any CPU
		{86676440-9C10-4141-8FCA-6C82439A1B15}.Release|Any CPU.ActiveCfg = Release|Any CPU
		{86676440-9C10-4141-8FCA-6C82439A1B15}.Release|Any CPU.Build.0 = Release|Any CPU
		{415CADAB-B64E-4F6D-AB4C-0F086B5B8585}.Debug|Any CPU.ActiveCfg = Debug|Any CPU
		{415CADAB-B64E-4F6D-AB4C-0F086B5B8585}.Debug|Any CPU.Build.0 = Debug|Any CPU
		{415CADAB-B64E-4F6D-AB4C-0F086B5B8585}.Release|Any CPU.ActiveCfg = Release|Any CPU
		{415CADAB-B64E-4F6D-AB4C-0F086B5B8585}.Release|Any CPU.Build.0 = Release|Any CPU
		{291C194C-EFF8-40E8-B0F1-4B8A22A32C58}.Debug|Any CPU.ActiveCfg = Debug|Any CPU
		{291C194C-EFF8-40E8-B0F1-4B8A22A32C58}.Debug|Any CPU.Build.0 = Debug|Any CPU
		{291C194C-EFF8-40E8-B0F1-4B8A22A32C58}.Release|Any CPU.ActiveCfg = Release|Any CPU
		{291C194C-EFF8-40E8-B0F1-4B8A22A32C58}.Release|Any CPU.Build.0 = Release|Any CPU
	EndGlobalSection
	GlobalSection(SolutionProperties) = preSolution
		HideSolutionNode = FALSE
	EndGlobalSection
	GlobalSection(ExtensibilityGlobals) = postSolution
		SolutionGuid = {27E7CF01-6098-4DD5-BC4B-2476A27A1437}
	EndGlobalSection
EndGlobal
